
Microsoft Visual Studio Solution File, Format Version 12.00
# Visual Studio Version 17
VisualStudioVersion = 17.8.34309.116
MinimumVisualStudioVersion = 10.0.40219.1
Project("{FAE04EC0-301F-11D3-BF4B-00C04F79EFBC}") = "WinFormsApp", "WinFormsApp\WinFormsApp.csproj", "{B0FC6417-A88A-4167-B8C5-9003E39A59C3}"
EndProject
Global
	GlobalSection(SolutionConfigurationPlatforms) = preSolution
		Debug|Any CPU = Debug|Any CPU
		Release|Any CPU = Release|Any CPU
	EndGlobalSection
	GlobalSection(ProjectConfigurationPlatforms) = postSolution
		{B0FC6417-A88A-4167-B8C5-9003E39A59C3}.Debug|Any CPU.ActiveCfg = Debug|Any CPU
		{B0FC6417-A88A-4167-B8C5-9003E39A59C3}.Debug|Any CPU.Build.0 = Debug|Any CPU
		{B0FC6417-A88A-4167-B8C5-9003E39A59C3}.Release|Any CPU.ActiveCfg = Release|Any CPU
		{B0FC6417-A88A-4167-B8C5-9003E39A59C3}.Release|Any CPU.Build.0 = Release|Any CPU
	EndGlobalSection
	GlobalSection(SolutionProperties) = preSolution
		HideSolutionNode = FALSE
	EndGlobalSection
	GlobalSection(ExtensibilityGlobals) = postSolution
		SolutionGuid = {AC5228C4-4205-454C-A5D0-BD0921048018}
	EndGlobalSection
EndGlobal
